
Microsoft Visual Studio Solution File, Format Version 12.00
Project("{FAE04EC0-301F-11D3-BF4B-00C04F79EFBC}") = "ChiHoHo_Assignment5", "ChiHoHo_Assignment5\ChiHoHo_Assignment5.csproj", "{03F3AA96-B50F-4581-AC4A-A90BD1B04844}"
EndProject
Global
	GlobalSection(SolutionConfigurationPlatforms) = preSolution
		Debug|Any CPU = Debug|Any CPU
		Release|Any CPU = Release|Any CPU
	EndGlobalSection
	GlobalSection(ProjectConfigurationPlatforms) = postSolution
		{03F3AA96-B50F-4581-AC4A-A90BD1B04844}.Debug|Any CPU.ActiveCfg = Debug|Any CPU
		{03F3AA96-B50F-4581-AC4A-A90BD1B04844}.Debug|Any CPU.Build.0 = Debug|Any CPU
		{03F3AA96-B50F-4581-AC4A-A90BD1B04844}.Release|Any CPU.ActiveCfg = Release|Any CPU
		{03F3AA96-B50F-4581-AC4A-A90BD1B04844}.Release|Any CPU.Build.0 = Release|Any CPU
	EndGlobalSection
EndGlobal
